
Microsoft Visual Studio Solution File, Format Version 11.00
# Visual Studio 2010
Project("{8BC9CEB8-8B4A-11D0-8D11-00A0C91BC942}") = "udpServer", "udpServer\udpServer.vcxproj", "{65151658-9F00-408A-9558-D6EFAD4C5371}"
EndProject
Project("{8BC9CEB8-8B4A-11D0-8D11-00A0C91BC942}") = "udpClient", "udpClient\udpClient.vcxproj", "{314C61E7-DB52-4019-AA92-B81D3096CF59}"
EndProject
Global
	GlobalSection(SolutionConfigurationPlatforms) = preSolution
		Debug|Win32 = Debug|Win32
		Release|Win32 = Release|Win32
	EndGlobalSection
	GlobalSection(ProjectConfigurationPlatforms) = postSolution
		{65151658-9F00-408A-9558-D6EFAD4C5371}.Debug|Win32.ActiveCfg = Debug|Win32
		{65151658-9F00-408A-9558-D6EFAD4C5371}.Debug|Win32.Build.0 = Debug|Win32
		{65151658-9F00-408A-9558-D6EFAD4C5371}.Release|Win32.ActiveCfg = Release|Win32
		{65151658-9F00-408A-9558-D6EFAD4C5371}.Release|Win32.Build.0 = Release|Win32
		{314C61E7-DB52-4019-AA92-B81D3096CF59}.Debug|Win32.ActiveCfg = Debug|Win32
		{314C61E7-DB52-4019-AA92-B81D3096CF59}.Debug|Win32.Build.0 = Debug|Win32
		{314C61E7-DB52-4019-AA92-B81D3096CF59}.Release|Win32.ActiveCfg = Release|Win32
		{314C61E7-DB52-4019-AA92-B81D3096CF59}.Release|Win32.Build.0 = Release|Win32
	EndGlobalSection
	GlobalSection(SolutionProperties) = preSolution
		HideSolutionNode = FALSE
	EndGlobalSection
EndGlobal
