
Microsoft Visual Studio Solution File, Format Version 11.00
# Visual Studio 2010
Project("{8BC9CEB8-8B4A-11D0-8D11-00A0C91BC942}") = "CriticalSectionTs", "waitforobjectTs\waitforobjectTs.vcxproj", "{46F8548C-611F-4BB7-9AC1-301A364471A8}"
EndProject
Project("{8BC9CEB8-8B4A-11D0-8D11-00A0C91BC942}") = "MutexTs", "MutexTs\MutexTs.vcxproj", "{C17DEA22-65AC-4DD2-B532-C110E206425B}"
EndProject
Project("{8BC9CEB8-8B4A-11D0-8D11-00A0C91BC942}") = "SemaphoreTs", "SemaphoreTs\SemaphoreTs.vcxproj", "{02C94EF0-8DB2-4DE6-A6B9-37F1326493ED}"
EndProject
Project("{8BC9CEB8-8B4A-11D0-8D11-00A0C91BC942}") = "EventTs", "EventTs\EventTs.vcxproj", "{794C7104-6B69-4DA5-80B8-1D97E6C45E70}"
EndProject
Global
	GlobalSection(SolutionConfigurationPlatforms) = preSolution
		Debug|Win32 = Debug|Win32
		Release|Win32 = Release|Win32
	EndGlobalSection
	GlobalSection(ProjectConfigurationPlatforms) = postSolution
		{46F8548C-611F-4BB7-9AC1-301A364471A8}.Debug|Win32.ActiveCfg = Debug|Win32
		{46F8548C-611F-4BB7-9AC1-301A364471A8}.Debug|Win32.Build.0 = Debug|Win32
		{46F8548C-611F-4BB7-9AC1-301A364471A8}.Release|Win32.ActiveCfg = Release|Win32
		{46F8548C-611F-4BB7-9AC1-301A364471A8}.Release|Win32.Build.0 = Release|Win32
		{C17DEA22-65AC-4DD2-B532-C110E206425B}.Debug|Win32.ActiveCfg = Debug|Win32
		{C17DEA22-65AC-4DD2-B532-C110E206425B}.Debug|Win32.Build.0 = Debug|Win32
		{C17DEA22-65AC-4DD2-B532-C110E206425B}.Release|Win32.ActiveCfg = Release|Win32
		{C17DEA22-65AC-4DD2-B532-C110E206425B}.Release|Win32.Build.0 = Release|Win32
		{02C94EF0-8DB2-4DE6-A6B9-37F1326493ED}.Debug|Win32.ActiveCfg = Debug|Win32
		{02C94EF0-8DB2-4DE6-A6B9-37F1326493ED}.Debug|Win32.Build.0 = Debug|Win32
		{02C94EF0-8DB2-4DE6-A6B9-37F1326493ED}.Release|Win32.ActiveCfg = Release|Win32
		{02C94EF0-8DB2-4DE6-A6B9-37F1326493ED}.Release|Win32.Build.0 = Release|Win32
		{794C7104-6B69-4DA5-80B8-1D97E6C45E70}.Debug|Win32.ActiveCfg = Debug|Win32
		{794C7104-6B69-4DA5-80B8-1D97E6C45E70}.Debug|Win32.Build.0 = Debug|Win32
		{794C7104-6B69-4DA5-80B8-1D97E6C45E70}.Release|Win32.ActiveCfg = Release|Win32
		{794C7104-6B69-4DA5-80B8-1D97E6C45E70}.Release|Win32.Build.0 = Release|Win32
	EndGlobalSection
	GlobalSection(SolutionProperties) = preSolution
		HideSolutionNode = FALSE
	EndGlobalSection
EndGlobal
